{
  "name": "dexbot2",
  "version": "0.7.4",
  "lockfileVersion": 3,
  "requires": true,
  "packages": {
    "": {
      "name": "dexbot2",
      "version": "0.7.4",
      "license": "MIT",
      "dependencies": {
        "ws": "^8.0.0"
      },
      "bin": {
        "bot": "bot.js",
        "dexbot": "dexbot.js"
      },
      "devDependencies": {},
      "optionalDependencies": {
        "ws": "^8.0.0"
      }
    }
  }
}
